// !$*UTF8*$!
{
	archiveVersion = 1;
	classes = {
	};
	objectVersion = 46;
	objects = {

/* Begin PBXBuildFile section */
		AD58426F1515AEC900785656 /* MainWindowController.m in Sources */ = {isa = PBXBuildFile; fileRef = AD58426E1515AEC900785656 /* MainWindowController.m */; };
		AD5842731515B0DA00785656 /* MainWindowController.xib in Resources */ = {isa = PBXBuildFile; fileRef = AD5842711515B0DA00785656 /* MainWindowController.xib */; };
		ADA8582D15159A6C0091AADE /* Cocoa.framework in Frameworks */ = {isa = PBXBuildFile; fileRef = ADA8582C15159A6C0091AADE /* Cocoa.framework */; };
		ADA8583715159A6C0091AADE /* InfoPlist.strings in Resources */ = {isa = PBXBuildFile; fileRef = ADA8583515159A6C0091AADE /* InfoPlist.strings */; };
		ADA8583915159A6C0091AADE /* main.m in Sources */ = {isa = PBXBuildFile; fileRef = ADA8583815159A6C0091AADE /* main.m */; };
		ADA8583D15159A6C0091AADE /* Credits.rtf in Resources */ = {isa = PBXBuildFile; fileRef = ADA8583B15159A6C0091AADE /* Credits.rtf */; };
		ADA8584015159A6C0091AADE /* AppDelegate.m in Sources */ = {isa = PBXBuildFile; fileRef = ADA8583F15159A6C0091AADE /* AppDelegate.m */; };
		ADA8584315159A6C0091AADE /* MainMenu.xib in Resources */ = {isa = PBXBuildFile; fileRef = ADA8584115159A6C0091AADE /* MainMenu.xib */; };
		ADA8584A15159AA90091AADE /* QuartzCore.framework in Frameworks */ = {isa = PBXBuildFile; fileRef = ADA8584915159AA90091AADE /* QuartzCore.framework */; };
/* End PBXBuildFile section */

/* Begin PBXFileReference section */
		AD58426D1515AEC900785656 /* MainWindowController.h */ = {isa = PBXFileReference; fileEncoding = 4; lastKnownFileType = sourcecode.c.h; path = MainWindowController.h; sourceTree = "<group>"; };
		AD58426E1515AEC900785656 /* MainWindowController.m */ = {isa = PBXFileReference; fileEncoding = 4; lastKnownFileType = sourcecode.c.objc; path = MainWindowController.m; sourceTree = "<group>"; };
		AD5842721515B0DA00785656 /* en */ = {isa = PBXFileReference; lastKnownFileType = file.xib; name = en; path = en.lproj/MainWindowController.xib; sourceTree = "<group>"; };
		ADA8582815159A6C0091AADE /* LocalisingTestMac.app */ = {isa = PBXFileReference; explicitFileType = wrapper.application; includeInIndex = 0; path = LocalisingTestMac.app; sourceTree = BUILT_PRODUCTS_DIR; };
		ADA8582C15159A6C0091AADE /* Cocoa.framework */ = {isa = PBXFileReference; lastKnownFileType = wrapper.framework; name = Cocoa.framework; path = System/Library/Frameworks/Cocoa.framework; sourceTree = SDKROOT; };
		ADA8582F15159A6C0091AADE /* AppKit.framework */ = {isa = PBXFileReference; lastKnownFileType = wrapper.framework; name = AppKit.framework; path = System/Library/Frameworks/AppKit.framework; sourceTree = SDKROOT; };
		ADA8583015159A6C0091AADE /* CoreData.framework */ = {isa = PBXFileReference; lastKnownFileType = wrapper.framework; name = CoreData.framework; path = System/Library/Frameworks/CoreData.framework; sourceTree = SDKROOT; };
		ADA8583115159A6C0091AADE /* Foundation.framework */ = {isa = PBXFileReference; lastKnownFileType = wrapper.framework; name = Foundation.framework; path = System/Library/Frameworks/Foundation.framework; sourceTree = SDKROOT; };
		ADA8583415159A6C0091AADE /* Info.plist */ = {isa = PBXFileReference; lastKnownFileType = text.plist.xml; path = Info.plist; sourceTree = "<group>"; };
		ADA8583615159A6C0091AADE /* en */ = {isa = PBXFileReference; lastKnownFileType = text.plist.strings; name = en; path = en.lproj/InfoPlist.strings; sourceTree = "<group>"; };
		ADA8583815159A6C0091AADE /* main.m */ = {isa = PBXFileReference; lastKnownFileType = sourcecode.c.objc; path = main.m; sourceTree = "<group>"; };
		ADA8583A15159A6C0091AADE /* Prefix.pch */ = {isa = PBXFileReference; lastKnownFileType = sourcecode.c.h; path = Prefix.pch; sourceTree = "<group>"; };
		ADA8583C15159A6C0091AADE /* en */ = {isa = PBXFileReference; lastKnownFileType = text.rtf; name = en; path = en.lproj/Credits.rtf; sourceTree = "<group>"; };
		ADA8583E15159A6C0091AADE /* AppDelegate.h */ = {isa = PBXFileReference; lastKnownFileType = sourcecode.c.h; path = AppDelegate.h; sourceTree = "<group>"; };
		ADA8583F15159A6C0091AADE /* AppDelegate.m */ = {isa = PBXFileReference; lastKnownFileType = sourcecode.c.objc; path = AppDelegate.m; sourceTree = "<group>"; };
		ADA8584215159A6C0091AADE /* en */ = {isa = PBXFileReference; lastKnownFileType = file.xib; name = en; path = en.lproj/MainMenu.xib; sourceTree = "<group>"; };
		ADA8584915159AA90091AADE /* QuartzCore.framework */ = {isa = PBXFileReference; lastKnownFileType = wrapper.framework; name = QuartzCore.framework; path = System/Library/Frameworks/QuartzCore.framework; sourceTree = SDKROOT; };
/* End PBXFileReference section */

/* Begin PBXFrameworksBuildPhase section */
		ADA8582515159A6C0091AADE /* Frameworks */ = {
			isa = PBXFrameworksBuildPhase;
			buildActionMask = 2147483647;
			files = (
				ADA8584A15159AA90091AADE /* QuartzCore.framework in Frameworks */,
				ADA8582D15159A6C0091AADE /* Cocoa.framework in Frameworks */,
			);
			runOnlyForDeploymentPostprocessing = 0;
		};
/* End PBXFrameworksBuildPhase section */

/* Begin PBXGroup section */
		ADA8581D15159A6B0091AADE = {
			isa = PBXGroup;
			children = (
				ADA8583215159A6C0091AADE /* LocalisingTestMac */,
				ADA8582B15159A6C0091AADE /* Frameworks */,
				ADA8582915159A6C0091AADE /* Products */,
			);
			sourceTree = "<group>";
		};
		ADA8582915159A6C0091AADE /* Products */ = {
			isa = PBXGroup;
			children = (
				ADA8582815159A6C0091AADE /* LocalisingTestMac.app */,
			);
			name = Products;
			sourceTree = "<group>";
		};
		ADA8582B15159A6C0091AADE /* Frameworks */ = {
			isa = PBXGroup;
			children = (
				ADA8584915159AA90091AADE /* QuartzCore.framework */,
				ADA8582C15159A6C0091AADE /* Cocoa.framework */,
				ADA8582E15159A6C0091AADE /* Other Frameworks */,
			);
			name = Frameworks;
			sourceTree = "<group>";
		};
		ADA8582E15159A6C0091AADE /* Other Frameworks */ = {
			isa = PBXGroup;
			children = (
				ADA8582F15159A6C0091AADE /* AppKit.framework */,
				ADA8583015159A6C0091AADE /* CoreData.framework */,
				ADA8583115159A6C0091AADE /* Foundation.framework */,
			);
			name = "Other Frameworks";
			sourceTree = "<group>";
		};
		ADA8583215159A6C0091AADE /* LocalisingTestMac */ = {
			isa = PBXGroup;
			children = (
				ADA8583E15159A6C0091AADE /* AppDelegate.h */,
				ADA8583F15159A6C0091AADE /* AppDelegate.m */,
				AD58426D1515AEC900785656 /* MainWindowController.h */,
				AD58426E1515AEC900785656 /* MainWindowController.m */,
				AD5842711515B0DA00785656 /* MainWindowController.xib */,
				ADA8584115159A6C0091AADE /* MainMenu.xib */,
				ADA8583315159A6C0091AADE /* Supporting Files */,
			);
			path = LocalisingTestMac;
			sourceTree = "<group>";
		};
		ADA8583315159A6C0091AADE /* Supporting Files */ = {
			isa = PBXGroup;
			children = (
				ADA8583415159A6C0091AADE /* Info.plist */,
				ADA8583515159A6C0091AADE /* InfoPlist.strings */,
				ADA8583815159A6C0091AADE /* main.m */,
				ADA8583A15159A6C0091AADE /* Prefix.pch */,
				ADA8583B15159A6C0091AADE /* Credits.rtf */,
			);
			name = "Supporting Files";
			sourceTree = "<group>";
		};
/* End PBXGroup section */

/* Begin PBXNativeTarget section */
		ADA8582715159A6C0091AADE /* LocalisingTestMac */ = {
			isa = PBXNativeTarget;
			buildConfigurationList = ADA8584615159A6C0091AADE /* Build configuration list for PBXNativeTarget "LocalisingTestMac" */;
			buildPhases = (
				ADA8582415159A6C0091AADE /* Sources */,
				ADA8582515159A6C0091AADE /* Frameworks */,
				ADA8582615159A6C0091AADE /* Resources */,
			);
			buildRules = (
			);
			dependencies = (
			);
			name = LocalisingTestMac;
			productName = LocalisingTestMac;
			productReference = ADA8582815159A6C0091AADE /* LocalisingTestMac.app */;
			productType = "com.apple.product-type.application";
		};
/* End PBXNativeTarget section */

/* Begin PBXProject section */
		ADA8581F15159A6B0091AADE /* Project object */ = {
			isa = PBXProject;
			attributes = {
				LastUpgradeCheck = 0430;
				ORGANIZATIONNAME = "Jungle Candy Software";
			};
			buildConfigurationList = ADA8582215159A6B0091AADE /* Build configuration list for PBXProject "LocalisingTestMac" */;
			compatibilityVersion = "Xcode 3.2";
			developmentRegion = English;
			hasScannedForEncodings = 0;
			knownRegions = (
				en,
			);
			mainGroup = ADA8581D15159A6B0091AADE;
			productRefGroup = ADA8582915159A6C0091AADE /* Products */;
			projectDirPath = "";
			projectRoot = "";
			targets = (
				ADA8582715159A6C0091AADE /* LocalisingTestMac */,
			);
		};
/* End PBXProject section */

/* Begin PBXResourcesBuildPhase section */
		ADA8582615159A6C0091AADE /* Resources */ = {
			isa = PBXResourcesBuildPhase;
			buildActionMask = 2147483647;
			files = (
				ADA8583715159A6C0091AADE /* InfoPlist.strings in Resources */,
				ADA8583D15159A6C0091AADE /* Credits.rtf in Resources */,
				ADA8584315159A6C0091AADE /* MainMenu.xib in Resources */,
				AD5842731515B0DA00785656 /* MainWindowController.xib in Resources */,
			);
			runOnlyForDeploymentPostprocessing = 0;
		};
/* End PBXResourcesBuildPhase section */

/* Begin PBXSourcesBuildPhase section */
		ADA8582415159A6C0091AADE /* Sources */ = {
			isa = PBXSourcesBuildPhase;
			buildActionMask = 2147483647;
			files = (
				ADA8583915159A6C0091AADE /* main.m in Sources */,
				ADA8584015159A6C0091AADE /* AppDelegate.m in Sources */,
				AD58426F1515AEC900785656 /* MainWindowController.m in Sources */,
			);
			runOnlyForDeploymentPostprocessing = 0;
		};
/* End PBXSourcesBuildPhase section */

/* Begin PBXVariantGroup section */
		AD5842711515B0DA00785656 /* MainWindowController.xib */ = {
			isa = PBXVariantGroup;
			children = (
				AD5842721515B0DA00785656 /* en */,
			);
			name = MainWindowController.xib;
			sourceTree = "<group>";
		};
		ADA8583515159A6C0091AADE /* InfoPlist.strings */ = {
			isa = PBXVariantGroup;
			children = (
				ADA8583615159A6C0091AADE /* en */,
			);
			name = InfoPlist.strings;
			sourceTree = "<group>";
		};
		ADA8583B15159A6C0091AADE /* Credits.rtf */ = {
			isa = PBXVariantGroup;
			children = (
				ADA8583C15159A6C0091AADE /* en */,
			);
			name = Credits.rtf;
			sourceTree = "<group>";
		};
		ADA8584115159A6C0091AADE /* MainMenu.xib */ = {
			isa = PBXVariantGroup;
			children = (
				ADA8584215159A6C0091AADE /* en */,
			);
			name = MainMenu.xib;
			sourceTree = "<group>";
		};
/* End PBXVariantGroup section */

/* Begin XCBuildConfiguration section */
		ADA8584415159A6C0091AADE /* Debug */ = {
			isa = XCBuildConfiguration;
			buildSettings = {
				ALWAYS_SEARCH_USER_PATHS = NO;
				ARCHS = "$(ARCHS_STANDARD_64_BIT)";
				CLANG_ENABLE_OBJC_ARC = YES;
				COPY_PHASE_STRIP = NO;
				GCC_C_LANGUAGE_STANDARD = gnu99;
				GCC_DYNAMIC_NO_PIC = NO;
				GCC_ENABLE_OBJC_EXCEPTIONS = YES;
				GCC_OPTIMIZATION_LEVEL = 0;
				GCC_PREPROCESSOR_DEFINITIONS = (
					"DEBUG=1",
					"$(inherited)",
				);
				GCC_SYMBOLS_PRIVATE_EXTERN = NO;
				GCC_VERSION = com.apple.compilers.llvm.clang.1_0;
				GCC_WARN_64_TO_32_BIT_CONVERSION = YES;
				GCC_WARN_ABOUT_RETURN_TYPE = YES;
				GCC_WARN_UNINITIALIZED_AUTOS = YES;
				GCC_WARN_UNUSED_VARIABLE = YES;
				MACOSX_DEPLOYMENT_TARGET = 10.7;
				ONLY_ACTIVE_ARCH = YES;
				SDKROOT = macosx;
			};
			name = Debug;
		};
		ADA8584515159A6C0091AADE /* Release */ = {
			isa = XCBuildConfiguration;
			buildSettings = {
				ALWAYS_SEARCH_USER_PATHS = NO;
				ARCHS = "$(ARCHS_STANDARD_64_BIT)";
				CLANG_ENABLE_OBJC_ARC = YES;
				COPY_PHASE_STRIP = YES;
				DEBUG_INFORMATION_FORMAT = "dwarf-with-dsym";
				GCC_C_LANGUAGE_STANDARD = gnu99;
				GCC_ENABLE_OBJC_EXCEPTIONS = YES;
				GCC_VERSION = com.apple.compilers.llvm.clang.1_0;
				GCC_WARN_64_TO_32_BIT_CONVERSION = YES;
				GCC_WARN_ABOUT_RETURN_TYPE = YES;
				GCC_WARN_UNINITIALIZED_AUTOS = YES;
				GCC_WARN_UNUSED_VARIABLE = YES;
				MACOSX_DEPLOYMENT_TARGET = 10.7;
				SDKROOT = macosx;
			};
			name = Release;
		};
		ADA8584715159A6C0091AADE /* Debug */ = {
			isa = XCBuildConfiguration;
			buildSettings = {
				GCC_PRECOMPILE_PREFIX_HEADER = YES;
				GCC_PREFIX_HEADER = LocalisingTestMac/Prefix.pch;
				INFOPLIST_FILE = LocalisingTestMac/Info.plist;
				PRODUCT_NAME = "$(TARGET_NAME)";
				RUN_CLANG_STATIC_ANALYZER = YES;
				WRAPPER_EXTENSION = app;
			};
			name = Debug;
		};
		ADA8584815159A6C0091AADE /* Release */ = {
			isa = XCBuildConfiguration;
			buildSettings = {
				GCC_PRECOMPILE_PREFIX_HEADER = YES;
				GCC_PREFIX_HEADER = LocalisingTestMac/Prefix.pch;
				INFOPLIST_FILE = LocalisingTestMac/Info.plist;
				PRODUCT_NAME = "$(TARGET_NAME)";
				RUN_CLANG_STATIC_ANALYZER = YES;
				WRAPPER_EXTENSION = app;
			};
			name = Release;
		};
/* End XCBuildConfiguration section */

/* Begin XCConfigurationList section */
		ADA8582215159A6B0091AADE /* Build configuration list for PBXProject "LocalisingTestMac" */ = {
			isa = XCConfigurationList;
			buildConfigurations = (
				ADA8584415159A6C0091AADE /* Debug */,
				ADA8584515159A6C0091AADE /* Release */,
			);
			defaultConfigurationIsVisible = 0;
			defaultConfigurationName = Release;
		};
		ADA8584615159A6C0091AADE /* Build configuration list for PBXNativeTarget "LocalisingTestMac" */ = {
			isa = XCConfigurationList;
			buildConfigurations = (
				ADA8584715159A6C0091AADE /* Debug */,
				ADA8584815159A6C0091AADE /* Release */,
			);
			defaultConfigurationIsVisible = 0;
			defaultConfigurationName = Release;
		};
/* End XCConfigurationList section */
	};
	rootObject = ADA8581F15159A6B0091AADE /* Project object */;
}
